
Microsoft Visual Studio Solution File, Format Version 12.00
# Visual Studio 15
VisualStudioVersion = 15.0.26730.12
MinimumVisualStudioVersion = 10.0.40219.1
Project("{8BC9CEB8-8B4A-11D0-8D11-00A0C91BC942}") = "AdapterVisual", "AdapterVisual.vcxproj", "{BF4C6045-746E-443C-93BB-DB2600BB14EA}"
EndProject
Global
	GlobalSection(SolutionConfigurationPlatforms) = preSolution
		Debug|x64 = Debug|x64
		Debug|x86 = Debug|x86
		Release|x64 = Release|x64
		Release|x86 = Release|x86
	EndGlobalSection
	GlobalSection(ProjectConfigurationPlatforms) = postSolution
		{BF4C6045-746E-443C-93BB-DB2600BB14EA}.Debug|x64.ActiveCfg = Debug|x64
		{BF4C6045-746E-443C-93BB-DB2600BB14EA}.Debug|x64.Build.0 = Debug|x64
		{BF4C6045-746E-443C-93BB-DB2600BB14EA}.Debug|x86.ActiveCfg = Debug|Win32
		{BF4C6045-746E-443C-93BB-DB2600BB14EA}.Debug|x86.Build.0 = Debug|Win32
		{BF4C6045-746E-443C-93BB-DB2600BB14EA}.Release|x64.ActiveCfg = Release|x64
		{BF4C6045-746E-443C-93BB-DB2600BB14EA}.Release|x64.Build.0 = Release|x64
		{BF4C6045-746E-443C-93BB-DB2600BB14EA}.Release|x86.ActiveCfg = Release|Win32
		{BF4C6045-746E-443C-93BB-DB2600BB14EA}.Release|x86.Build.0 = Release|Win32
	EndGlobalSection
	GlobalSection(SolutionProperties) = preSolution
		HideSolutionNode = FALSE
	EndGlobalSection
	GlobalSection(ExtensibilityGlobals) = postSolution
		SolutionGuid = {2E3B5FC8-EEF6-407C-A764-B00D87A1681E}
	EndGlobalSection
EndGlobal
